
Microsoft Visual Studio Solution File, Format Version 12.00
# Visual Studio Version 17
VisualStudioVersion = 17.8.34408.163
MinimumVisualStudioVersion = 10.0.40219.1
Project("{FAE04EC0-301F-11D3-BF4B-00C04F79EFBC}") = "Mission4", "Mission4.csproj", "{0923065A-0AC6-4F4F-AE75-E94B4690B2D9}"
EndProject
Global
	GlobalSection(SolutionConfigurationPlatforms) = preSolution
		Debug|Any CPU = Debug|Any CPU
		Release|Any CPU = Release|Any CPU
	EndGlobalSection
	GlobalSection(ProjectConfigurationPlatforms) = postSolution
		{0923065A-0AC6-4F4F-AE75-E94B4690B2D9}.Debug|Any CPU.ActiveCfg = Debug|Any CPU
		{0923065A-0AC6-4F4F-AE75-E94B4690B2D9}.Debug|Any CPU.Build.0 = Debug|Any CPU
		{0923065A-0AC6-4F4F-AE75-E94B4690B2D9}.Release|Any CPU.ActiveCfg = Release|Any CPU
		{0923065A-0AC6-4F4F-AE75-E94B4690B2D9}.Release|Any CPU.Build.0 = Release|Any CPU
	EndGlobalSection
	GlobalSection(SolutionProperties) = preSolution
		HideSolutionNode = FALSE
	EndGlobalSection
	GlobalSection(ExtensibilityGlobals) = postSolution
		SolutionGuid = {796AFC23-6FEA-4F12-99DF-85EB194B4882}
	EndGlobalSection
EndGlobal
